
Microsoft Visual Studio Solution File, Format Version 12.00
# Visual Studio Version 17
VisualStudioVersion = 17.2.32602.215
MinimumVisualStudioVersion = 10.0.40219.1
Project("{FAE04EC0-301F-11D3-BF4B-00C04F79EFBC}") = "fahadtalha", "fahadtalha\fahadtalha.csproj", "{11FDEB67-9410-432C-8588-5007977687FE}"
EndProject
Global
	GlobalSection(SolutionConfigurationPlatforms) = preSolution
		Debug|Any CPU = Debug|Any CPU
		Release|Any CPU = Release|Any CPU
	EndGlobalSection
	GlobalSection(ProjectConfigurationPlatforms) = postSolution
		{11FDEB67-9410-432C-8588-5007977687FE}.Debug|Any CPU.ActiveCfg = Debug|Any CPU
		{11FDEB67-9410-432C-8588-5007977687FE}.Debug|Any CPU.Build.0 = Debug|Any CPU
		{11FDEB67-9410-432C-8588-5007977687FE}.Release|Any CPU.ActiveCfg = Release|Any CPU
		{11FDEB67-9410-432C-8588-5007977687FE}.Release|Any CPU.Build.0 = Release|Any CPU
	EndGlobalSection
	GlobalSection(SolutionProperties) = preSolution
		HideSolutionNode = FALSE
	EndGlobalSection
	GlobalSection(ExtensibilityGlobals) = postSolution
		SolutionGuid = {983E6B66-5915-4987-8FD3-7A392DAFC254}
	EndGlobalSection
EndGlobal
